// !$*UTF8*$!
{
	archiveVersion = 1;
	classes = {
	};
	objectVersion = 46;
	objects = {

/* Begin PBXBuildFile section */
		0DABFB2A1E4E2BAF003EE19B /* AppDelegate.swift in Sources */ = {isa = PBXBuildFile; fileRef = 0DABFB291E4E2BAF003EE19B /* AppDelegate.swift */; };
		0DABFB2C1E4E2BAF003EE19B /* Assets.xcassets in Resources */ = {isa = PBXBuildFile; fileRef = 0DABFB2B1E4E2BAF003EE19B /* Assets.xcassets */; };
		0DABFB2F1E4E2BAF003EE19B /* MainMenu.xib in Resources */ = {isa = PBXBuildFile; fileRef = 0DABFB2D1E4E2BAF003EE19B /* MainMenu.xib */; };
/* End PBXBuildFile section */

/* Begin PBXFileReference section */
		0DABFB261E4E2BAE003EE19B /* Resiza.app */ = {isa = PBXFileReference; explicitFileType = wrapper.application; includeInIndex = 0; path = Resiza.app; sourceTree = BUILT_PRODUCTS_DIR; };
		0DABFB291E4E2BAF003EE19B /* AppDelegate.swift */ = {isa = PBXFileReference; lastKnownFileType = sourcecode.swift; path = AppDelegate.swift; sourceTree = "<group>"; };
		0DABFB2B1E4E2BAF003EE19B /* Assets.xcassets */ = {isa = PBXFileReference; lastKnownFileType = folder.assetcatalog; path = Assets.xcassets; sourceTree = "<group>"; };
		0DABFB2E1E4E2BAF003EE19B /* Base */ = {isa = PBXFileReference; lastKnownFileType = file.xib; name = Base; path = Base.lproj/MainMenu.xib; sourceTree = "<group>"; };
		0DABFB301E4E2BAF003EE19B /* Info.plist */ = {isa = PBXFileReference; lastKnownFileType = text.plist.xml; path = Info.plist; sourceTree = "<group>"; };
/* End PBXFileReference section */

/* Begin PBXFrameworksBuildPhase section */
		0DABFB231E4E2BAE003EE19B /* Frameworks */ = {
			isa = PBXFrameworksBuildPhase;
			buildActionMask = 2147483647;
			files = (
			);
			runOnlyForDeploymentPostprocessing = 0;
		};
/* End PBXFrameworksBuildPhase section */

/* Begin PBXGroup section */
		0DABFB1D1E4E2BAE003EE19B = {
			isa = PBXGroup;
			children = (
				0DABFB281E4E2BAF003EE19B /* Resiza */,
				0DABFB271E4E2BAE003EE19B /* Products */,
			);
			sourceTree = "<group>";
		};
		0DABFB271E4E2BAE003EE19B /* Products */ = {
			isa = PBXGroup;
			children = (
				0DABFB261E4E2BAE003EE19B /* Resiza.app */,
			);
			name = Products;
			sourceTree = "<group>";
		};
		0DABFB281E4E2BAF003EE19B /* Resiza */ = {
			isa = PBXGroup;
			children = (
				0DABFB291E4E2BAF003EE19B /* AppDelegate.swift */,
				0DABFB2B1E4E2BAF003EE19B /* Assets.xcassets */,
				0DABFB2D1E4E2BAF003EE19B /* MainMenu.xib */,
				0DABFB301E4E2BAF003EE19B /* Info.plist */,
			);
			path = Resiza;
			sourceTree = "<group>";
		};
/* End PBXGroup section */

/* Begin PBXNativeTarget section */
		0DABFB251E4E2BAE003EE19B /* Resiza */ = {
			isa = PBXNativeTarget;
			buildConfigurationList = 0DABFB331E4E2BAF003EE19B /* Build configuration list for PBXNativeTarget "Resiza" */;
			buildPhases = (
				0DABFB221E4E2BAE003EE19B /* Sources */,
				0DABFB231E4E2BAE003EE19B /* Frameworks */,
				0DABFB241E4E2BAE003EE19B /* Resources */,
			);
			buildRules = (
			);
			dependencies = (
			);
			name = Resiza;
			productName = Resiza;
			productReference = 0DABFB261E4E2BAE003EE19B /* Resiza.app */;
			productType = "com.apple.product-type.application";
		};
/* End PBXNativeTarget section */

/* Begin PBXProject section */
		0DABFB1E1E4E2BAE003EE19B /* Project object */ = {
			isa = PBXProject;
			attributes = {
				LastSwiftUpdateCheck = 0820;
				LastUpgradeCheck = 0820;
				ORGANIZATIONNAME = "Davide Bertola";
				TargetAttributes = {
					0DABFB251E4E2BAE003EE19B = {
						CreatedOnToolsVersion = 8.2.1;
						DevelopmentTeam = 376QEB74QY;
						ProvisioningStyle = Automatic;
					};
				};
			};
			buildConfigurationList = 0DABFB211E4E2BAE003EE19B /* Build configuration list for PBXProject "Resiza" */;
			compatibilityVersion = "Xcode 3.2";
			developmentRegion = English;
			hasScannedForEncodings = 0;
			knownRegions = (
				en,
				Base,
			);
			mainGroup = 0DABFB1D1E4E2BAE003EE19B;
			productRefGroup = 0DABFB271E4E2BAE003EE19B /* Products */;
			projectDirPath = "";
			projectRoot = "";
			targets = (
				0DABFB251E4E2BAE003EE19B /* Resiza */,
			);
		};
/* End PBXProject section */

/* Begin PBXResourcesBuildPhase section */
		0DABFB241E4E2BAE003EE19B /* Resources */ = {
			isa = PBXResourcesBuildPhase;
			buildActionMask = 2147483647;
			files = (
				0DABFB2C1E4E2BAF003EE19B /* Assets.xcassets in Resources */,
				0DABFB2F1E4E2BAF003EE19B /* MainMenu.xib in Resources */,
			);
			runOnlyForDeploymentPostprocessing = 0;
		};
/* End PBXResourcesBuildPhase section */

/* Begin PBXSourcesBuildPhase section */
		0DABFB221E4E2BAE003EE19B /* Sources */ = {
			isa = PBXSourcesBuildPhase;
			buildActionMask = 2147483647;
			files = (
				0DABFB2A1E4E2BAF003EE19B /* AppDelegate.swift in Sources */,
			);
			runOnlyForDeploymentPostprocessing = 0;
		};
/* End PBXSourcesBuildPhase section */

/* Begin PBXVariantGroup section */
		0DABFB2D1E4E2BAF003EE19B /* MainMenu.xib */ = {
			isa = PBXVariantGroup;
			children = (
				0DABFB2E1E4E2BAF003EE19B /* Base */,
			);
			name = MainMenu.xib;
			sourceTree = "<group>";
		};
/* End PBXVariantGroup section */

/* Begin XCBuildConfiguration section */
		0DABFB311E4E2BAF003EE19B /* Debug */ = {
			isa = XCBuildConfiguration;
			buildSettings = {
				ALWAYS_SEARCH_USER_PATHS = NO;
				CLANG_ANALYZER_NONNULL = YES;
				CLANG_CXX_LANGUAGE_STANDARD = "gnu++0x";
				CLANG_CXX_LIBRARY = "libc++";
				CLANG_ENABLE_MODULES = YES;
				CLANG_ENABLE_OBJC_ARC = YES;
				CLANG_WARN_BOOL_CONVERSION = YES;
				CLANG_WARN_CONSTANT_CONVERSION = YES;
				CLANG_WARN_DIRECT_OBJC_ISA_USAGE = YES_ERROR;
				CLANG_WARN_DOCUMENTATION_COMMENTS = YES;
				CLANG_WARN_EMPTY_BODY = YES;
				CLANG_WARN_ENUM_CONVERSION = YES;
				CLANG_WARN_INFINITE_RECURSION = YES;
				CLANG_WARN_INT_CONVERSION = YES;
				CLANG_WARN_OBJC_ROOT_CLASS = YES_ERROR;
				CLANG_WARN_SUSPICIOUS_MOVE = YES;
				CLANG_WARN_UNREACHABLE_CODE = YES;
				CLANG_WARN__DUPLICATE_METHOD_MATCH = YES;
				CODE_SIGN_IDENTITY = "-";
				COPY_PHASE_STRIP = NO;
				DEBUG_INFORMATION_FORMAT = dwarf;
				ENABLE_STRICT_OBJC_MSGSEND = YES;
				ENABLE_TESTABILITY = YES;
				GCC_C_LANGUAGE_STANDARD = gnu99;
				GCC_DYNAMIC_NO_PIC = NO;
				GCC_NO_COMMON_BLOCKS = YES;
				GCC_OPTIMIZATION_LEVEL = 0;
				GCC_PREPROCESSOR_DEFINITIONS = (
					"DEBUG=1",
					"$(inherited)",
				);
				GCC_WARN_64_TO_32_BIT_CONVERSION = YES;
				GCC_WARN_ABOUT_RETURN_TYPE = YES_ERROR;
				GCC_WARN_UNDECLARED_SELECTOR = YES;
				GCC_WARN_UNINITIALIZED_AUTOS = YES_AGGRESSIVE;
				GCC_WARN_UNUSED_FUNCTION = YES;
				GCC_WARN_UNUSED_VARIABLE = YES;
				MACOSX_DEPLOYMENT_TARGET = 10.12;
				MTL_ENABLE_DEBUG_INFO = YES;
				ONLY_ACTIVE_ARCH = YES;
				SDKROOT = macosx;
				SWIFT_ACTIVE_COMPILATION_CONDITIONS = DEBUG;
				SWIFT_OPTIMIZATION_LEVEL = "-Onone";
			};
			name = Debug;
		};
		0DABFB321E4E2BAF003EE19B /* Release */ = {
			isa = XCBuildConfiguration;
			buildSettings = {
				ALWAYS_SEARCH_USER_PATHS = NO;
				CLANG_ANALYZER_NONNULL = YES;
				CLANG_CXX_LANGUAGE_STANDARD = "gnu++0x";
				CLANG_CXX_LIBRARY = "libc++";
				CLANG_ENABLE_MODULES = YES;
				CLANG_ENABLE_OBJC_ARC = YES;
				CLANG_WARN_BOOL_CONVERSION = YES;
				CLANG_WARN_CONSTANT_CONVERSION = YES;
				CLANG_WARN_DIRECT_OBJC_ISA_USAGE = YES_ERROR;
				CLANG_WARN_DOCUMENTATION_COMMENTS = YES;
				CLANG_WARN_EMPTY_BODY = YES;
				CLANG_WARN_ENUM_CONVERSION = YES;
				CLANG_WARN_INFINITE_RECURSION = YES;
				CLANG_WARN_INT_CONVERSION = YES;
				CLANG_WARN_OBJC_ROOT_CLASS = YES_ERROR;
				CLANG_WARN_SUSPICIOUS_MOVE = YES;
				CLANG_WARN_UNREACHABLE_CODE = YES;
				CLANG_WARN__DUPLICATE_METHOD_MATCH = YES;
				CODE_SIGN_IDENTITY = "-";
				COPY_PHASE_STRIP = NO;
				DEBUG_INFORMATION_FORMAT = "dwarf-with-dsym";
				ENABLE_NS_ASSERTIONS = NO;
				ENABLE_STRICT_OBJC_MSGSEND = YES;
				GCC_C_LANGUAGE_STANDARD = gnu99;
				GCC_NO_COMMON_BLOCKS = YES;
				GCC_WARN_64_TO_32_BIT_CONVERSION = YES;
				GCC_WARN_ABOUT_RETURN_TYPE = YES_ERROR;
				GCC_WARN_UNDECLARED_SELECTOR = YES;
				GCC_WARN_UNINITIALIZED_AUTOS = YES_AGGRESSIVE;
				GCC_WARN_UNUSED_FUNCTION = YES;
				GCC_WARN_UNUSED_VARIABLE = YES;
				MACOSX_DEPLOYMENT_TARGET = 10.12;
				MTL_ENABLE_DEBUG_INFO = NO;
				SDKROOT = macosx;
				SWIFT_OPTIMIZATION_LEVEL = "-Owholemodule";
			};
			name = Release;
		};
		0DABFB341E4E2BAF003EE19B /* Debug */ = {
			isa = XCBuildConfiguration;
			buildSettings = {
				ASSETCATALOG_COMPILER_APPICON_NAME = AppIcon;
				COMBINE_HIDPI_IMAGES = YES;
				DEVELOPMENT_TEAM = 376QEB74QY;
				INFOPLIST_FILE = Resiza/Info.plist;
				LD_RUNPATH_SEARCH_PATHS = "$(inherited) @executable_path/../Frameworks";
				PRODUCT_BUNDLE_IDENTIFIER = it.dadeb.Resiza;
				PRODUCT_NAME = "$(TARGET_NAME)";
				SWIFT_VERSION = 3.0;
			};
			name = Debug;
		};
		0DABFB351E4E2BAF003EE19B /* Release */ = {
			isa = XCBuildConfiguration;
			buildSettings = {
				ASSETCATALOG_COMPILER_APPICON_NAME = AppIcon;
				COMBINE_HIDPI_IMAGES = YES;
				DEVELOPMENT_TEAM = 376QEB74QY;
				INFOPLIST_FILE = Resiza/Info.plist;
				LD_RUNPATH_SEARCH_PATHS = "$(inherited) @executable_path/../Frameworks";
				PRODUCT_BUNDLE_IDENTIFIER = it.dadeb.Resiza;
				PRODUCT_NAME = "$(TARGET_NAME)";
				SWIFT_VERSION = 3.0;
			};
			name = Release;
		};
/* End XCBuildConfiguration section */

/* Begin XCConfigurationList section */
		0DABFB211E4E2BAE003EE19B /* Build configuration list for PBXProject "Resiza" */ = {
			isa = XCConfigurationList;
			buildConfigurations = (
				0DABFB311E4E2BAF003EE19B /* Debug */,
				0DABFB321E4E2BAF003EE19B /* Release */,
			);
			defaultConfigurationIsVisible = 0;
			defaultConfigurationName = Release;
		};
		0DABFB331E4E2BAF003EE19B /* Build configuration list for PBXNativeTarget "Resiza" */ = {
			isa = XCConfigurationList;
			buildConfigurations = (
				0DABFB341E4E2BAF003EE19B /* Debug */,
				0DABFB351E4E2BAF003EE19B /* Release */,
			);
			defaultConfigurationIsVisible = 0;
		};
/* End XCConfigurationList section */
	};
	rootObject = 0DABFB1E1E4E2BAE003EE19B /* Project object */;
}
